
Microsoft Visual Studio Solution File, Format Version 12.00
# Visual Studio 2013
VisualStudioVersion = 12.0.31101.0
MinimumVisualStudioVersion = 10.0.40219.1
Project("{FAE04EC0-301F-11D3-BF4B-00C04F79EFBC}") = "PADCSamples", "PADCSamples\PADCSamples.csproj", "{EB3C26A2-C45E-40C5-A892-6E5F5DEF31F3}"
EndProject
Project("{FAE04EC0-301F-11D3-BF4B-00C04F79EFBC}") = "ListSample", "ListSample\ListSample.csproj", "{11279338-880E-4F00-9120-6DE22DF5600F}"
EndProject
Project("{FAE04EC0-301F-11D3-BF4B-00C04F79EFBC}") = "NestedListSample", "NestedListSample\NestedListSample.csproj", "{D22A885B-9608-4DD9-807D-C0579FB16483}"
EndProject
Global
	GlobalSection(SolutionConfigurationPlatforms) = preSolution
		Debug|Any CPU = Debug|Any CPU
		Release|Any CPU = Release|Any CPU
	EndGlobalSection
	GlobalSection(ProjectConfigurationPlatforms) = postSolution
		{EB3C26A2-C45E-40C5-A892-6E5F5DEF31F3}.Debug|Any CPU.ActiveCfg = Debug|Any CPU
		{EB3C26A2-C45E-40C5-A892-6E5F5DEF31F3}.Debug|Any CPU.Build.0 = Debug|Any CPU
		{EB3C26A2-C45E-40C5-A892-6E5F5DEF31F3}.Release|Any CPU.ActiveCfg = Release|Any CPU
		{EB3C26A2-C45E-40C5-A892-6E5F5DEF31F3}.Release|Any CPU.Build.0 = Release|Any CPU
		{11279338-880E-4F00-9120-6DE22DF5600F}.Debug|Any CPU.ActiveCfg = Debug|Any CPU
		{11279338-880E-4F00-9120-6DE22DF5600F}.Debug|Any CPU.Build.0 = Debug|Any CPU
		{11279338-880E-4F00-9120-6DE22DF5600F}.Release|Any CPU.ActiveCfg = Release|Any CPU
		{11279338-880E-4F00-9120-6DE22DF5600F}.Release|Any CPU.Build.0 = Release|Any CPU
		{D22A885B-9608-4DD9-807D-C0579FB16483}.Debug|Any CPU.ActiveCfg = Debug|Any CPU
		{D22A885B-9608-4DD9-807D-C0579FB16483}.Debug|Any CPU.Build.0 = Debug|Any CPU
		{D22A885B-9608-4DD9-807D-C0579FB16483}.Release|Any CPU.ActiveCfg = Release|Any CPU
		{D22A885B-9608-4DD9-807D-C0579FB16483}.Release|Any CPU.Build.0 = Release|Any CPU
	EndGlobalSection
	GlobalSection(SolutionProperties) = preSolution
		HideSolutionNode = FALSE
	EndGlobalSection
EndGlobal
